
Microsoft Visual Studio Solution File, Format Version 12.00
# Visual Studio 14
VisualStudioVersion = 14.0.25420.1
MinimumVisualStudioVersion = 10.0.40219.1
Project("{FAE04EC0-301F-11D3-BF4B-00C04F79EFBC}") = "NetGameSerialization", "NetworkGame\NetGameSerialization.csproj", "{D0B17AE2-07B5-49FB-BDF2-84860459030B}"
EndProject
Project("{FAE04EC0-301F-11D3-BF4B-00C04F79EFBC}") = "Server", "Server\Server.csproj", "{C109DBD8-9F8F-4E73-9FB3-77B613217BC9}"
EndProject
Project("{FAE04EC0-301F-11D3-BF4B-00C04F79EFBC}") = "Client", "Client\Client.csproj", "{772BAF92-DA3F-44DD-9777-49C0BBF5470B}"
EndProject
Global
	GlobalSection(SolutionConfigurationPlatforms) = preSolution
		Debug|Any CPU = Debug|Any CPU
		Release|Any CPU = Release|Any CPU
	EndGlobalSection
	GlobalSection(ProjectConfigurationPlatforms) = postSolution
		{D0B17AE2-07B5-49FB-BDF2-84860459030B}.Debug|Any CPU.ActiveCfg = Debug|Any CPU
		{D0B17AE2-07B5-49FB-BDF2-84860459030B}.Debug|Any CPU.Build.0 = Debug|Any CPU
		{D0B17AE2-07B5-49FB-BDF2-84860459030B}.Release|Any CPU.ActiveCfg = Release|Any CPU
		{D0B17AE2-07B5-49FB-BDF2-84860459030B}.Release|Any CPU.Build.0 = Release|Any CPU
		{C109DBD8-9F8F-4E73-9FB3-77B613217BC9}.Debug|Any CPU.ActiveCfg = Debug|Any CPU
		{C109DBD8-9F8F-4E73-9FB3-77B613217BC9}.Debug|Any CPU.Build.0 = Debug|Any CPU
		{C109DBD8-9F8F-4E73-9FB3-77B613217BC9}.Release|Any CPU.ActiveCfg = Release|Any CPU
		{C109DBD8-9F8F-4E73-9FB3-77B613217BC9}.Release|Any CPU.Build.0 = Release|Any CPU
		{772BAF92-DA3F-44DD-9777-49C0BBF5470B}.Debug|Any CPU.ActiveCfg = Debug|Any CPU
		{772BAF92-DA3F-44DD-9777-49C0BBF5470B}.Debug|Any CPU.Build.0 = Debug|Any CPU
		{772BAF92-DA3F-44DD-9777-49C0BBF5470B}.Release|Any CPU.ActiveCfg = Release|Any CPU
		{772BAF92-DA3F-44DD-9777-49C0BBF5470B}.Release|Any CPU.Build.0 = Release|Any CPU
	EndGlobalSection
	GlobalSection(SolutionProperties) = preSolution
		HideSolutionNode = FALSE
	EndGlobalSection
EndGlobal
